
Microsoft Visual Studio Solution File, Format Version 12.00
# Visual Studio Version 16
VisualStudioVersion = 16.0.30907.101
MinimumVisualStudioVersion = 10.0.40219.1
Project("{FAE04EC0-301F-11D3-BF4B-00C04F79EFBC}") = "ZadatciZaVjezbu01IvanMocilac", "ZadatciZaVjezbu01IvanMocilac\ZadatciZaVjezbu01IvanMocilac.csproj", "{574B2756-7414-42A3-9E8E-A3FC7921E975}"
EndProject
Global
	GlobalSection(SolutionConfigurationPlatforms) = preSolution
		Debug|Any CPU = Debug|Any CPU
		Release|Any CPU = Release|Any CPU
	EndGlobalSection
	GlobalSection(ProjectConfigurationPlatforms) = postSolution
		{574B2756-7414-42A3-9E8E-A3FC7921E975}.Debug|Any CPU.ActiveCfg = Debug|Any CPU
		{574B2756-7414-42A3-9E8E-A3FC7921E975}.Debug|Any CPU.Build.0 = Debug|Any CPU
		{574B2756-7414-42A3-9E8E-A3FC7921E975}.Release|Any CPU.ActiveCfg = Release|Any CPU
		{574B2756-7414-42A3-9E8E-A3FC7921E975}.Release|Any CPU.Build.0 = Release|Any CPU
	EndGlobalSection
	GlobalSection(SolutionProperties) = preSolution
		HideSolutionNode = FALSE
	EndGlobalSection
	GlobalSection(ExtensibilityGlobals) = postSolution
		SolutionGuid = {6F97A9B7-4E9B-499B-B14B-59EA979E5429}
	EndGlobalSection
EndGlobal
